
Microsoft Visual Studio Solution File, Format Version 12.00
# Visual Studio 16
Project("{FAE04EC0-301F-11D3-BF4B-00C04F79EFBC}") = "Assembly-CSharp", "Assembly-CSharp.csproj", "{71CE082D-AC6B-7586-BB39-E7851F10A6A9}"
EndProject
Project("{FAE04EC0-301F-11D3-BF4B-00C04F79EFBC}") = "Assembly-CSharp-Editor", "Assembly-CSharp-Editor.csproj", "{93B54820-7443-C3AC-9CB4-96F1F4E98826}"
EndProject
Global
	GlobalSection(SolutionConfigurationPlatforms) = preSolution
		Debug|Any CPU = Debug|Any CPU
		Release|Any CPU = Release|Any CPU
	EndGlobalSection
	GlobalSection(ProjectConfigurationPlatforms) = postSolution
		{71CE082D-AC6B-7586-BB39-E7851F10A6A9}.Debug|Any CPU.ActiveCfg = Debug|Any CPU
		{71CE082D-AC6B-7586-BB39-E7851F10A6A9}.Debug|Any CPU.Build.0 = Debug|Any CPU
		{71CE082D-AC6B-7586-BB39-E7851F10A6A9}.Release|Any CPU.ActiveCfg = Release|Any CPU
		{71CE082D-AC6B-7586-BB39-E7851F10A6A9}.Release|Any CPU.Build.0 = Release|Any CPU
		{93B54820-7443-C3AC-9CB4-96F1F4E98826}.Debug|Any CPU.ActiveCfg = Debug|Any CPU
		{93B54820-7443-C3AC-9CB4-96F1F4E98826}.Debug|Any CPU.Build.0 = Debug|Any CPU
		{93B54820-7443-C3AC-9CB4-96F1F4E98826}.Release|Any CPU.ActiveCfg = Release|Any CPU
		{93B54820-7443-C3AC-9CB4-96F1F4E98826}.Release|Any CPU.Build.0 = Release|Any CPU
	EndGlobalSection
	GlobalSection(SolutionProperties) = preSolution
		HideSolutionNode = FALSE
	EndGlobalSection
EndGlobal
